// !$*UTF8*$!
{
	archiveVersion = 1;
	classes = {
	};
	objectVersion = 51;
	objects = {

/* Begin PBXBuildFile section */
		230E7F73208A2F2B0081F401 /* AppDelegate.swift in Sources */ = {isa = PBXBuildFile; fileRef = 230E7F72208A2F2B0081F401 /* AppDelegate.swift */; };
		230E7F75208A2F2B0081F401 /* CommonBasesTableViewController.swift in Sources */ = {isa = PBXBuildFile; fileRef = 230E7F74208A2F2B0081F401 /* CommonBasesTableViewController.swift */; };
		230E7F7A208A2F2C0081F401 /* Assets.xcassets in Resources */ = {isa = PBXBuildFile; fileRef = 230E7F79208A2F2C0081F401 /* Assets.xcassets */; };
		230E7F7D208A2F2C0081F401 /* LaunchScreen.storyboard in Resources */ = {isa = PBXBuildFile; fileRef = 230E7F7B208A2F2C0081F401 /* LaunchScreen.storyboard */; };
		230E7F89208A3D5E0081F401 /* CommonBase.swift in Sources */ = {isa = PBXBuildFile; fileRef = 230E7F88208A3D5E0081F401 /* CommonBase.swift */; };
		230E7F8B208A41250081F401 /* MainTabBarController.swift in Sources */ = {isa = PBXBuildFile; fileRef = 230E7F8A208A41250081F401 /* MainTabBarController.swift */; };
		230E7F8D208A42950081F401 /* AllBasesTableViewController.swift in Sources */ = {isa = PBXBuildFile; fileRef = 230E7F8C208A42950081F401 /* AllBasesTableViewController.swift */; };
		237BC733208DC04A00F30C3E /* BaseConverter.swift in Sources */ = {isa = PBXBuildFile; fileRef = 237BC732208DC04A00F30C3E /* BaseConverter.swift */; };
		23ADE6B220906AA4005FDC04 /* AdsUnits.swift in Sources */ = {isa = PBXBuildFile; fileRef = 23ADE6B120906AA4005FDC04 /* AdsUnits.swift */; };
		23E6060B208C0EAE007C5710 /* CommonBasesTableViewCell.swift in Sources */ = {isa = PBXBuildFile; fileRef = 23E6060A208C0EAE007C5710 /* CommonBasesTableViewCell.swift */; };
		F83CDEF024C880E70090B623 /* UITraitCollection+Utils.swift in Sources */ = {isa = PBXBuildFile; fileRef = F83CDEEF24C880E70090B623 /* UITraitCollection+Utils.swift */; };
		F8408F2824D54B2200A39C8C /* UIImageview+Utils.swift in Sources */ = {isa = PBXBuildFile; fileRef = F8408F2724D54B2200A39C8C /* UIImageview+Utils.swift */; };
		F8408F2A24D55A4A00A39C8C /* UINavigationController+Ext.swift in Sources */ = {isa = PBXBuildFile; fileRef = F8408F2924D55A4A00A39C8C /* UINavigationController+Ext.swift */; };
		F8408F2C24D55B0A00A39C8C /* UIView+Ext.swift in Sources */ = {isa = PBXBuildFile; fileRef = F8408F2B24D55B0A00A39C8C /* UIView+Ext.swift */; };
		F8408F2E24D55B6900A39C8C /* Character+Ext.swift in Sources */ = {isa = PBXBuildFile; fileRef = F8408F2D24D55B6900A39C8C /* Character+Ext.swift */; };
		F8408F3024D55B7E00A39C8C /* UIColor+Ext.swift in Sources */ = {isa = PBXBuildFile; fileRef = F8408F2F24D55B7E00A39C8C /* UIColor+Ext.swift */; };
		F8408F3324D5638600A39C8C /* CommonBasesViewModel.swift in Sources */ = {isa = PBXBuildFile; fileRef = F8408F3224D5638600A39C8C /* CommonBasesViewModel.swift */; };
		F8408F3524D5689000A39C8C /* AllBasesViewModel.swift in Sources */ = {isa = PBXBuildFile; fileRef = F8408F3424D5689000A39C8C /* AllBasesViewModel.swift */; };
		F8408F3724D5775500A39C8C /* FloatingPointCharacter.swift in Sources */ = {isa = PBXBuildFile; fileRef = F8408F3624D5775500A39C8C /* FloatingPointCharacter.swift */; };
		F841AF8924D65DCA00077AD3 /* CommonBasesTableViewCell.xib in Resources */ = {isa = PBXBuildFile; fileRef = F841AF8824D65DCA00077AD3 /* CommonBasesTableViewCell.xib */; };
/* End PBXBuildFile section */

/* Begin PBXFileReference section */
		230E7F6F208A2F2B0081F401 /* BaseConverter.app */ = {isa = PBXFileReference; explicitFileType = wrapper.application; includeInIndex = 0; path = BaseConverter.app; sourceTree = BUILT_PRODUCTS_DIR; };
		230E7F72208A2F2B0081F401 /* AppDelegate.swift */ = {isa = PBXFileReference; lastKnownFileType = sourcecode.swift; path = AppDelegate.swift; sourceTree = "<group>"; };
		230E7F74208A2F2B0081F401 /* CommonBasesTableViewController.swift */ = {isa = PBXFileReference; lastKnownFileType = sourcecode.swift; path = CommonBasesTableViewController.swift; sourceTree = "<group>"; };
		230E7F79208A2F2C0081F401 /* Assets.xcassets */ = {isa = PBXFileReference; lastKnownFileType = folder.assetcatalog; path = Assets.xcassets; sourceTree = "<group>"; };
		230E7F7C208A2F2C0081F401 /* Base */ = {isa = PBXFileReference; lastKnownFileType = file.storyboard; name = Base; path = Base.lproj/LaunchScreen.storyboard; sourceTree = "<group>"; };
		230E7F7E208A2F2C0081F401 /* Info.plist */ = {isa = PBXFileReference; lastKnownFileType = text.plist.xml; path = Info.plist; sourceTree = "<group>"; };
		230E7F88208A3D5E0081F401 /* CommonBase.swift */ = {isa = PBXFileReference; lastKnownFileType = sourcecode.swift; path = CommonBase.swift; sourceTree = "<group>"; };
		230E7F8A208A41250081F401 /* MainTabBarController.swift */ = {isa = PBXFileReference; lastKnownFileType = sourcecode.swift; path = MainTabBarController.swift; sourceTree = "<group>"; };
		230E7F8C208A42950081F401 /* AllBasesTableViewController.swift */ = {isa = PBXFileReference; lastKnownFileType = sourcecode.swift; path = AllBasesTableViewController.swift; sourceTree = "<group>"; };
		237BC732208DC04A00F30C3E /* BaseConverter.swift */ = {isa = PBXFileReference; lastKnownFileType = sourcecode.swift; path = BaseConverter.swift; sourceTree = "<group>"; };
		23ADE6B120906AA4005FDC04 /* AdsUnits.swift */ = {isa = PBXFileReference; lastKnownFileType = sourcecode.swift; path = AdsUnits.swift; sourceTree = "<group>"; };
		23E6060A208C0EAE007C5710 /* CommonBasesTableViewCell.swift */ = {isa = PBXFileReference; lastKnownFileType = sourcecode.swift; path = CommonBasesTableViewCell.swift; sourceTree = "<group>"; };
		23FBEF07209575A900030140 /* GoogleMobileAds.framework */ = {isa = PBXFileReference; lastKnownFileType = wrapper.framework; path = GoogleMobileAds.framework; sourceTree = "<group>"; };
		F83CDEEF24C880E70090B623 /* UITraitCollection+Utils.swift */ = {isa = PBXFileReference; lastKnownFileType = sourcecode.swift; path = "UITraitCollection+Utils.swift"; sourceTree = "<group>"; };
		F8408F2724D54B2200A39C8C /* UIImageview+Utils.swift */ = {isa = PBXFileReference; lastKnownFileType = sourcecode.swift; path = "UIImageview+Utils.swift"; sourceTree = "<group>"; };
		F8408F2924D55A4A00A39C8C /* UINavigationController+Ext.swift */ = {isa = PBXFileReference; lastKnownFileType = sourcecode.swift; path = "UINavigationController+Ext.swift"; sourceTree = "<group>"; };
		F8408F2B24D55B0A00A39C8C /* UIView+Ext.swift */ = {isa = PBXFileReference; lastKnownFileType = sourcecode.swift; path = "UIView+Ext.swift"; sourceTree = "<group>"; };
		F8408F2D24D55B6900A39C8C /* Character+Ext.swift */ = {isa = PBXFileReference; lastKnownFileType = sourcecode.swift; path = "Character+Ext.swift"; sourceTree = "<group>"; };
		F8408F2F24D55B7E00A39C8C /* UIColor+Ext.swift */ = {isa = PBXFileReference; lastKnownFileType = sourcecode.swift; path = "UIColor+Ext.swift"; sourceTree = "<group>"; };
		F8408F3224D5638600A39C8C /* CommonBasesViewModel.swift */ = {isa = PBXFileReference; lastKnownFileType = sourcecode.swift; path = CommonBasesViewModel.swift; sourceTree = "<group>"; };
		F8408F3424D5689000A39C8C /* AllBasesViewModel.swift */ = {isa = PBXFileReference; lastKnownFileType = sourcecode.swift; path = AllBasesViewModel.swift; sourceTree = "<group>"; };
		F8408F3624D5775500A39C8C /* FloatingPointCharacter.swift */ = {isa = PBXFileReference; lastKnownFileType = sourcecode.swift; path = FloatingPointCharacter.swift; sourceTree = "<group>"; };
		F841AF8824D65DCA00077AD3 /* CommonBasesTableViewCell.xib */ = {isa = PBXFileReference; lastKnownFileType = file.xib; path = CommonBasesTableViewCell.xib; sourceTree = "<group>"; };
/* End PBXFileReference section */

/* Begin PBXFrameworksBuildPhase section */
		230E7F6C208A2F2B0081F401 /* Frameworks */ = {
			isa = PBXFrameworksBuildPhase;
			buildActionMask = 2147483647;
			files = (
			);
			runOnlyForDeploymentPostprocessing = 0;
		};
/* End PBXFrameworksBuildPhase section */

/* Begin PBXGroup section */
		230E7F66208A2F2B0081F401 = {
			isa = PBXGroup;
			children = (
				230E7F71208A2F2B0081F401 /* BaseConverter */,
				230E7F70208A2F2B0081F401 /* Products */,
				9FC2853FAC7C347B19553CA9 /* Frameworks */,
				E35B96380D2078901A95740C /* Pods */,
			);
			sourceTree = "<group>";
		};
		230E7F70208A2F2B0081F401 /* Products */ = {
			isa = PBXGroup;
			children = (
				230E7F6F208A2F2B0081F401 /* BaseConverter.app */,
			);
			name = Products;
			sourceTree = "<group>";
		};
		230E7F71208A2F2B0081F401 /* BaseConverter */ = {
			isa = PBXGroup;
			children = (
				230E7F7E208A2F2C0081F401 /* Info.plist */,
				23ADE6B120906AA4005FDC04 /* AdsUnits.swift */,
				230E7F72208A2F2B0081F401 /* AppDelegate.swift */,
				230E7F7B208A2F2C0081F401 /* LaunchScreen.storyboard */,
				FA1523922220EE1000784B11 /* Controllers */,
				FA15238D2220ED9800784B11 /* Models */,
				F8408F3124D55BE000A39C8C /* Resources */,
				F83CDEEC24C8806B0090B623 /* Utils */,
				F841AF8224D650E100077AD3 /* Views */,
			);
			path = BaseConverter;
			sourceTree = "<group>";
		};
		9FC2853FAC7C347B19553CA9 /* Frameworks */ = {
			isa = PBXGroup;
			children = (
				23FBEF07209575A900030140 /* GoogleMobileAds.framework */,
			);
			name = Frameworks;
			sourceTree = "<group>";
		};
		E35B96380D2078901A95740C /* Pods */ = {
			isa = PBXGroup;
			children = (
			);
			path = Pods;
			sourceTree = "<group>";
		};
		F83CDEEC24C8806B0090B623 /* Utils */ = {
			isa = PBXGroup;
			children = (
				F83CDEEE24C880770090B623 /* NonUI */,
				F83CDEED24C880700090B623 /* UI */,
			);
			path = Utils;
			sourceTree = "<group>";
		};
		F83CDEED24C880700090B623 /* UI */ = {
			isa = PBXGroup;
			children = (
				F83CDEEF24C880E70090B623 /* UITraitCollection+Utils.swift */,
				F8408F2724D54B2200A39C8C /* UIImageview+Utils.swift */,
				F8408F2924D55A4A00A39C8C /* UINavigationController+Ext.swift */,
				F8408F2B24D55B0A00A39C8C /* UIView+Ext.swift */,
				F8408F2D24D55B6900A39C8C /* Character+Ext.swift */,
				F8408F2F24D55B7E00A39C8C /* UIColor+Ext.swift */,
			);
			path = UI;
			sourceTree = "<group>";
		};
		F83CDEEE24C880770090B623 /* NonUI */ = {
			isa = PBXGroup;
			children = (
				237BC732208DC04A00F30C3E /* BaseConverter.swift */,
			);
			path = NonUI;
			sourceTree = "<group>";
		};
		F8408F3124D55BE000A39C8C /* Resources */ = {
			isa = PBXGroup;
			children = (
				230E7F79208A2F2C0081F401 /* Assets.xcassets */,
			);
			path = Resources;
			sourceTree = "<group>";
		};
		F841AF8224D650E100077AD3 /* Views */ = {
			isa = PBXGroup;
			children = (
				F841AF8324D650EA00077AD3 /* Base */,
			);
			path = Views;
			sourceTree = "<group>";
		};
		F841AF8324D650EA00077AD3 /* Base */ = {
			isa = PBXGroup;
			children = (
			);
			path = Base;
			sourceTree = "<group>";
		};
		FA1523852220ECF800784B11 /* CommonBases */ = {
			isa = PBXGroup;
			children = (
				F841AF8824D65DCA00077AD3 /* CommonBasesTableViewCell.xib */,
				23E6060A208C0EAE007C5710 /* CommonBasesTableViewCell.swift */,
				230E7F74208A2F2B0081F401 /* CommonBasesTableViewController.swift */,
				F8408F3224D5638600A39C8C /* CommonBasesViewModel.swift */,
			);
			path = CommonBases;
			sourceTree = "<group>";
		};
		FA1523862220ED0300784B11 /* AllBases */ = {
			isa = PBXGroup;
			children = (
				F8408F3424D5689000A39C8C /* AllBasesViewModel.swift */,
				230E7F8C208A42950081F401 /* AllBasesTableViewController.swift */,
			);
			path = AllBases;
			sourceTree = "<group>";
		};
		FA15238D2220ED9800784B11 /* Models */ = {
			isa = PBXGroup;
			children = (
				230E7F88208A3D5E0081F401 /* CommonBase.swift */,
				F8408F3624D5775500A39C8C /* FloatingPointCharacter.swift */,
			);
			path = Models;
			sourceTree = "<group>";
		};
		FA1523922220EE1000784B11 /* Controllers */ = {
			isa = PBXGroup;
			children = (
				230E7F8A208A41250081F401 /* MainTabBarController.swift */,
				FA1523862220ED0300784B11 /* AllBases */,
				FA1523852220ECF800784B11 /* CommonBases */,
			);
			path = Controllers;
			sourceTree = "<group>";
		};
/* End PBXGroup section */

/* Begin PBXNativeTarget section */
		230E7F6E208A2F2B0081F401 /* BaseConverter */ = {
			isa = PBXNativeTarget;
			buildConfigurationList = 230E7F81208A2F2C0081F401 /* Build configuration list for PBXNativeTarget "BaseConverter" */;
			buildPhases = (
				230E7F6B208A2F2B0081F401 /* Sources */,
				230E7F6C208A2F2B0081F401 /* Frameworks */,
				230E7F6D208A2F2B0081F401 /* Resources */,
			);
			buildRules = (
			);
			dependencies = (
			);
			name = BaseConverter;
			productName = BaseConverter;
			productReference = 230E7F6F208A2F2B0081F401 /* BaseConverter.app */;
			productType = "com.apple.product-type.application";
		};
/* End PBXNativeTarget section */

/* Begin PBXProject section */
		230E7F67208A2F2B0081F401 /* Project object */ = {
			isa = PBXProject;
			attributes = {
				LastSwiftUpdateCheck = 0930;
				LastUpgradeCheck = 0930;
				ORGANIZATIONNAME = "Dai Tran";
				TargetAttributes = {
					230E7F6E208A2F2B0081F401 = {
						CreatedOnToolsVersion = 9.3;
						LastSwiftMigration = 1020;
					};
				};
			};
			buildConfigurationList = 230E7F6A208A2F2B0081F401 /* Build configuration list for PBXProject "BaseConverter" */;
			compatibilityVersion = "Xcode 9.3";
			developmentRegion = en;
			hasScannedForEncodings = 0;
			knownRegions = (
				en,
				Base,
				vi,
				ru,
				de,
				es,
				fr,
				id,
				it,
				ja,
				ko,
				"pt-PT",
				"zh-Hans",
				"zh-Hant",
			);
			mainGroup = 230E7F66208A2F2B0081F401;
			productRefGroup = 230E7F70208A2F2B0081F401 /* Products */;
			projectDirPath = "";
			projectRoot = "";
			targets = (
				230E7F6E208A2F2B0081F401 /* BaseConverter */,
			);
		};
/* End PBXProject section */

/* Begin PBXResourcesBuildPhase section */
		230E7F6D208A2F2B0081F401 /* Resources */ = {
			isa = PBXResourcesBuildPhase;
			buildActionMask = 2147483647;
			files = (
				230E7F7D208A2F2C0081F401 /* LaunchScreen.storyboard in Resources */,
				230E7F7A208A2F2C0081F401 /* Assets.xcassets in Resources */,
				F841AF8924D65DCA00077AD3 /* CommonBasesTableViewCell.xib in Resources */,
			);
			runOnlyForDeploymentPostprocessing = 0;
		};
/* End PBXResourcesBuildPhase section */

/* Begin PBXSourcesBuildPhase section */
		230E7F6B208A2F2B0081F401 /* Sources */ = {
			isa = PBXSourcesBuildPhase;
			buildActionMask = 2147483647;
			files = (
				230E7F89208A3D5E0081F401 /* CommonBase.swift in Sources */,
				F8408F3524D5689000A39C8C /* AllBasesViewModel.swift in Sources */,
				230E7F75208A2F2B0081F401 /* CommonBasesTableViewController.swift in Sources */,
				230E7F8B208A41250081F401 /* MainTabBarController.swift in Sources */,
				F8408F2C24D55B0A00A39C8C /* UIView+Ext.swift in Sources */,
				F8408F3024D55B7E00A39C8C /* UIColor+Ext.swift in Sources */,
				F8408F2824D54B2200A39C8C /* UIImageview+Utils.swift in Sources */,
				23E6060B208C0EAE007C5710 /* CommonBasesTableViewCell.swift in Sources */,
				F8408F3324D5638600A39C8C /* CommonBasesViewModel.swift in Sources */,
				F8408F2A24D55A4A00A39C8C /* UINavigationController+Ext.swift in Sources */,
				23ADE6B220906AA4005FDC04 /* AdsUnits.swift in Sources */,
				F8408F3724D5775500A39C8C /* FloatingPointCharacter.swift in Sources */,
				F83CDEF024C880E70090B623 /* UITraitCollection+Utils.swift in Sources */,
				237BC733208DC04A00F30C3E /* BaseConverter.swift in Sources */,
				230E7F8D208A42950081F401 /* AllBasesTableViewController.swift in Sources */,
				F8408F2E24D55B6900A39C8C /* Character+Ext.swift in Sources */,
				230E7F73208A2F2B0081F401 /* AppDelegate.swift in Sources */,
			);
			runOnlyForDeploymentPostprocessing = 0;
		};
/* End PBXSourcesBuildPhase section */

/* Begin PBXVariantGroup section */
		230E7F7B208A2F2C0081F401 /* LaunchScreen.storyboard */ = {
			isa = PBXVariantGroup;
			children = (
				230E7F7C208A2F2C0081F401 /* Base */,
			);
			name = LaunchScreen.storyboard;
			sourceTree = "<group>";
		};
/* End PBXVariantGroup section */

/* Begin XCBuildConfiguration section */
		230E7F7F208A2F2C0081F401 /* Debug */ = {
			isa = XCBuildConfiguration;
			buildSettings = {
				ALWAYS_SEARCH_USER_PATHS = NO;
				CLANG_ANALYZER_LOCALIZABILITY_NONLOCALIZED = YES;
				CLANG_ANALYZER_NONNULL = YES;
				CLANG_ANALYZER_NUMBER_OBJECT_CONVERSION = YES_AGGRESSIVE;
				CLANG_CXX_LANGUAGE_STANDARD = "gnu++14";
				CLANG_CXX_LIBRARY = "libc++";
				CLANG_ENABLE_MODULES = YES;
				CLANG_ENABLE_OBJC_ARC = YES;
				CLANG_ENABLE_OBJC_WEAK = YES;
				CLANG_WARN_BLOCK_CAPTURE_AUTORELEASING = YES;
				CLANG_WARN_BOOL_CONVERSION = YES;
				CLANG_WARN_COMMA = YES;
				CLANG_WARN_CONSTANT_CONVERSION = YES;
				CLANG_WARN_DEPRECATED_OBJC_IMPLEMENTATIONS = YES;
				CLANG_WARN_DIRECT_OBJC_ISA_USAGE = YES_ERROR;
				CLANG_WARN_DOCUMENTATION_COMMENTS = YES;
				CLANG_WARN_EMPTY_BODY = YES;
				CLANG_WARN_ENUM_CONVERSION = YES;
				CLANG_WARN_INFINITE_RECURSION = YES;
				CLANG_WARN_INT_CONVERSION = YES;
				CLANG_WARN_NON_LITERAL_NULL_CONVERSION = YES;
				CLANG_WARN_OBJC_IMPLICIT_RETAIN_SELF = YES;
				CLANG_WARN_OBJC_LITERAL_CONVERSION = YES;
				CLANG_WARN_OBJC_ROOT_CLASS = YES_ERROR;
				CLANG_WARN_RANGE_LOOP_ANALYSIS = YES;
				CLANG_WARN_STRICT_PROTOTYPES = YES;
				CLANG_WARN_SUSPICIOUS_MOVE = YES;
				CLANG_WARN_UNGUARDED_AVAILABILITY = YES_AGGRESSIVE;
				CLANG_WARN_UNREACHABLE_CODE = YES;
				CLANG_WARN__DUPLICATE_METHOD_MATCH = YES;
				CODE_SIGN_IDENTITY = "iPhone Developer";
				COPY_PHASE_STRIP = NO;
				DEBUG_INFORMATION_FORMAT = dwarf;
				ENABLE_STRICT_OBJC_MSGSEND = YES;
				ENABLE_TESTABILITY = YES;
				GCC_C_LANGUAGE_STANDARD = gnu11;
				GCC_DYNAMIC_NO_PIC = NO;
				GCC_NO_COMMON_BLOCKS = YES;
				GCC_OPTIMIZATION_LEVEL = 0;
				GCC_PREPROCESSOR_DEFINITIONS = (
					"DEBUG=1",
					"$(inherited)",
				);
				GCC_WARN_64_TO_32_BIT_CONVERSION = YES;
				GCC_WARN_ABOUT_RETURN_TYPE = YES_ERROR;
				GCC_WARN_UNDECLARED_SELECTOR = YES;
				GCC_WARN_UNINITIALIZED_AUTOS = YES_AGGRESSIVE;
				GCC_WARN_UNUSED_FUNCTION = YES;
				GCC_WARN_UNUSED_VARIABLE = YES;
				IPHONEOS_DEPLOYMENT_TARGET = 9.0;
				MTL_ENABLE_DEBUG_INFO = YES;
				ONLY_ACTIVE_ARCH = YES;
				SDKROOT = iphoneos;
				SWIFT_ACTIVE_COMPILATION_CONDITIONS = DEBUG;
				SWIFT_OPTIMIZATION_LEVEL = "-Onone";
			};
			name = Debug;
		};
		230E7F80208A2F2C0081F401 /* Release */ = {
			isa = XCBuildConfiguration;
			buildSettings = {
				ALWAYS_SEARCH_USER_PATHS = NO;
				CLANG_ANALYZER_LOCALIZABILITY_NONLOCALIZED = YES;
				CLANG_ANALYZER_NONNULL = YES;
				CLANG_ANALYZER_NUMBER_OBJECT_CONVERSION = YES_AGGRESSIVE;
				CLANG_CXX_LANGUAGE_STANDARD = "gnu++14";
				CLANG_CXX_LIBRARY = "libc++";
				CLANG_ENABLE_MODULES = YES;
				CLANG_ENABLE_OBJC_ARC = YES;
				CLANG_ENABLE_OBJC_WEAK = YES;
				CLANG_WARN_BLOCK_CAPTURE_AUTORELEASING = YES;
				CLANG_WARN_BOOL_CONVERSION = YES;
				CLANG_WARN_COMMA = YES;
				CLANG_WARN_CONSTANT_CONVERSION = YES;
				CLANG_WARN_DEPRECATED_OBJC_IMPLEMENTATIONS = YES;
				CLANG_WARN_DIRECT_OBJC_ISA_USAGE = YES_ERROR;
				CLANG_WARN_DOCUMENTATION_COMMENTS = YES;
				CLANG_WARN_EMPTY_BODY = YES;
				CLANG_WARN_ENUM_CONVERSION = YES;
				CLANG_WARN_INFINITE_RECURSION = YES;
				CLANG_WARN_INT_CONVERSION = YES;
				CLANG_WARN_NON_LITERAL_NULL_CONVERSION = YES;
				CLANG_WARN_OBJC_IMPLICIT_RETAIN_SELF = YES;
				CLANG_WARN_OBJC_LITERAL_CONVERSION = YES;
				CLANG_WARN_OBJC_ROOT_CLASS = YES_ERROR;
				CLANG_WARN_RANGE_LOOP_ANALYSIS = YES;
				CLANG_WARN_STRICT_PROTOTYPES = YES;
				CLANG_WARN_SUSPICIOUS_MOVE = YES;
				CLANG_WARN_UNGUARDED_AVAILABILITY = YES_AGGRESSIVE;
				CLANG_WARN_UNREACHABLE_CODE = YES;
				CLANG_WARN__DUPLICATE_METHOD_MATCH = YES;
				CODE_SIGN_IDENTITY = "iPhone Developer";
				COPY_PHASE_STRIP = NO;
				DEBUG_INFORMATION_FORMAT = "dwarf-with-dsym";
				ENABLE_NS_ASSERTIONS = NO;
				ENABLE_STRICT_OBJC_MSGSEND = YES;
				GCC_C_LANGUAGE_STANDARD = gnu11;
				GCC_NO_COMMON_BLOCKS = YES;
				GCC_WARN_64_TO_32_BIT_CONVERSION = YES;
				GCC_WARN_ABOUT_RETURN_TYPE = YES_ERROR;
				GCC_WARN_UNDECLARED_SELECTOR = YES;
				GCC_WARN_UNINITIALIZED_AUTOS = YES_AGGRESSIVE;
				GCC_WARN_UNUSED_FUNCTION = YES;
				GCC_WARN_UNUSED_VARIABLE = YES;
				IPHONEOS_DEPLOYMENT_TARGET = 9.0;
				MTL_ENABLE_DEBUG_INFO = NO;
				SDKROOT = iphoneos;
				SWIFT_COMPILATION_MODE = wholemodule;
				SWIFT_OPTIMIZATION_LEVEL = "-O";
				VALIDATE_PRODUCT = YES;
			};
			name = Release;
		};
		230E7F82208A2F2C0081F401 /* Debug */ = {
			isa = XCBuildConfiguration;
			buildSettings = {
				ASSETCATALOG_COMPILER_APPICON_NAME = AppIcon;
				CODE_SIGN_IDENTITY = "iPhone Developer";
				CODE_SIGN_STYLE = Automatic;
				DEVELOPMENT_TEAM = B8SW848K42;
				FRAMEWORK_SEARCH_PATHS = (
					"$(inherited)",
					"$(PROJECT_DIR)",
				);
				INFOPLIST_FILE = BaseConverter/Info.plist;
				IPHONEOS_DEPLOYMENT_TARGET = 9.0;
				LD_RUNPATH_SEARCH_PATHS = (
					"$(inherited)",
					"@executable_path/Frameworks",
				);
				MARKETING_VERSION = 1.0.9;
				PRODUCT_BUNDLE_IDENTIFIER = com.DaiTranDev.BaseConverterFree;
				PRODUCT_NAME = "$(TARGET_NAME)";
				SWIFT_VERSION = 5.0;
				TARGETED_DEVICE_FAMILY = "1,2";
			};
			name = Debug;
		};
		230E7F83208A2F2C0081F401 /* Release */ = {
			isa = XCBuildConfiguration;
			buildSettings = {
				ASSETCATALOG_COMPILER_APPICON_NAME = AppIcon;
				CODE_SIGN_IDENTITY = "iPhone Developer";
				CODE_SIGN_STYLE = Automatic;
				DEVELOPMENT_TEAM = B8SW848K42;
				FRAMEWORK_SEARCH_PATHS = (
					"$(inherited)",
					"$(PROJECT_DIR)",
				);
				INFOPLIST_FILE = BaseConverter/Info.plist;
				IPHONEOS_DEPLOYMENT_TARGET = 9.0;
				LD_RUNPATH_SEARCH_PATHS = (
					"$(inherited)",
					"@executable_path/Frameworks",
				);
				MARKETING_VERSION = 1.0.9;
				PRODUCT_BUNDLE_IDENTIFIER = com.DaiTranDev.BaseConverterFree;
				PRODUCT_NAME = "$(TARGET_NAME)";
				SWIFT_VERSION = 5.0;
				TARGETED_DEVICE_FAMILY = "1,2";
			};
			name = Release;
		};
/* End XCBuildConfiguration section */

/* Begin XCConfigurationList section */
		230E7F6A208A2F2B0081F401 /* Build configuration list for PBXProject "BaseConverter" */ = {
			isa = XCConfigurationList;
			buildConfigurations = (
				230E7F7F208A2F2C0081F401 /* Debug */,
				230E7F80208A2F2C0081F401 /* Release */,
			);
			defaultConfigurationIsVisible = 0;
			defaultConfigurationName = Release;
		};
		230E7F81208A2F2C0081F401 /* Build configuration list for PBXNativeTarget "BaseConverter" */ = {
			isa = XCConfigurationList;
			buildConfigurations = (
				230E7F82208A2F2C0081F401 /* Debug */,
				230E7F83208A2F2C0081F401 /* Release */,
			);
			defaultConfigurationIsVisible = 0;
			defaultConfigurationName = Release;
		};
/* End XCConfigurationList section */
	};
	rootObject = 230E7F67208A2F2B0081F401 /* Project object */;
}
